
Microsoft Visual Studio Solution File, Format Version 12.00
# Visual Studio Version 17
VisualStudioVersion = 17.3.32819.101
MinimumVisualStudioVersion = 10.0.40219.1
Project("{FAE04EC0-301F-11D3-BF4B-00C04F79EFBC}") = "ConceitosBasicos", "ConceitosBasicos\ConceitosBasicos.csproj", "{CC4DC6A9-0448-4066-B4B8-F2CE7A27974C}"
EndProject
Global
	GlobalSection(SolutionConfigurationPlatforms) = preSolution
		Debug|Any CPU = Debug|Any CPU
		Release|Any CPU = Release|Any CPU
	EndGlobalSection
	GlobalSection(ProjectConfigurationPlatforms) = postSolution
		{CC4DC6A9-0448-4066-B4B8-F2CE7A27974C}.Debug|Any CPU.ActiveCfg = Debug|Any CPU
		{CC4DC6A9-0448-4066-B4B8-F2CE7A27974C}.Debug|Any CPU.Build.0 = Debug|Any CPU
		{CC4DC6A9-0448-4066-B4B8-F2CE7A27974C}.Release|Any CPU.ActiveCfg = Release|Any CPU
		{CC4DC6A9-0448-4066-B4B8-F2CE7A27974C}.Release|Any CPU.Build.0 = Release|Any CPU
	EndGlobalSection
	GlobalSection(SolutionProperties) = preSolution
		HideSolutionNode = FALSE
	EndGlobalSection
	GlobalSection(ExtensibilityGlobals) = postSolution
		SolutionGuid = {7F39A3EE-A1CC-4E2D-8AC4-3921387591EE}
	EndGlobalSection
EndGlobal
